// !$*UTF8*$!
{
	archiveVersion = 1;
	classes = {
	};
	objectVersion = 56;
	objects = {

/* Begin PBXBuildFile section */
		7139749C2A701AC60023A87E /* UserDefaultServices.swift in Sources */ = {isa = PBXBuildFile; fileRef = 7139749A2A701AC50023A87E /* UserDefaultServices.swift */; };
		7139749D2A701AC60023A87E /* AuthService.swift in Sources */ = {isa = PBXBuildFile; fileRef = 7139749B2A701AC60023A87E /* AuthService.swift */; };
		7145DEF52A68F80100C943B7 /* LoginViewController.swift in Sources */ = {isa = PBXBuildFile; fileRef = 7145DEF42A68F80100C943B7 /* LoginViewController.swift */; };
		7145DEF72A6925D700C943B7 /* RegisterViewController.swift in Sources */ = {isa = PBXBuildFile; fileRef = 7145DEF62A6925D700C943B7 /* RegisterViewController.swift */; };
		7145DEF92A692A5E00C943B7 /* ForgotPasswordViewController.swift in Sources */ = {isa = PBXBuildFile; fileRef = 7145DEF82A692A5E00C943B7 /* ForgotPasswordViewController.swift */; };
		7145DF012A693C5200C943B7 /* HomeViewController.swift in Sources */ = {isa = PBXBuildFile; fileRef = 7145DF002A693C5200C943B7 /* HomeViewController.swift */; };
		7145DF052A694B9900C943B7 /* MainTabbarViewController.swift in Sources */ = {isa = PBXBuildFile; fileRef = 7145DF042A694B9900C943B7 /* MainTabbarViewController.swift */; };
		7145DF072A694C1200C943B7 /* CustomStyleTabBarContentView.swift in Sources */ = {isa = PBXBuildFile; fileRef = 7145DF062A694C1200C943B7 /* CustomStyleTabBarContentView.swift */; };
		7145DF0F2A69734D00C943B7 /* CreateNoteViewController.swift in Sources */ = {isa = PBXBuildFile; fileRef = 7145DF0E2A69734D00C943B7 /* CreateNoteViewController.swift */; };
		7145DF182A697A8F00C943B7 /* UserViewController.swift in Sources */ = {isa = PBXBuildFile; fileRef = 7145DF172A697A8F00C943B7 /* UserViewController.swift */; };
		7145DF1C2A69882500C943B7 /* ListWorkTableViewCell.swift in Sources */ = {isa = PBXBuildFile; fileRef = 7145DF1A2A69882500C943B7 /* ListWorkTableViewCell.swift */; };
		7145DF1D2A69882500C943B7 /* ListWorkTableViewCell.xib in Resources */ = {isa = PBXBuildFile; fileRef = 7145DF1B2A69882500C943B7 /* ListWorkTableViewCell.xib */; };
		7145DF1F2A6A2D5B00C943B7 /* ChangeUsernameViewController.swift in Sources */ = {isa = PBXBuildFile; fileRef = 7145DF1E2A6A2D5B00C943B7 /* ChangeUsernameViewController.swift */; };
		7145DF232A6A325900C943B7 /* ChangeNewPasswordViewController.swift in Sources */ = {isa = PBXBuildFile; fileRef = 7145DF222A6A325900C943B7 /* ChangeNewPasswordViewController.swift */; };
		715095212A6BD59F007317BA /* EditViewController.swift in Sources */ = {isa = PBXBuildFile; fileRef = 715095202A6BD59F007317BA /* EditViewController.swift */; };
		7150954A2A6D35A9007317BA /* ManagerWorkServices.swift in Sources */ = {isa = PBXBuildFile; fileRef = 715095492A6D35A9007317BA /* ManagerWorkServices.swift */; };
		7150954E2A6D7814007317BA /* GoogleService-Info.plist in Resources */ = {isa = PBXBuildFile; fileRef = 7150954D2A6D7813007317BA /* GoogleService-Info.plist */; };
		71D018932A7564F5003C60D5 /* ScreenSkipViewController.swift in Sources */ = {isa = PBXBuildFile; fileRef = 71D018922A7564F5003C60D5 /* ScreenSkipViewController.swift */; };
		71D018952A7565A2003C60D5 /* ScreenLesgoViewController.swift in Sources */ = {isa = PBXBuildFile; fileRef = 71D018942A7565A2003C60D5 /* ScreenLesgoViewController.swift */; };
		71F9C70B2A683BAF007EAE78 /* AppDelegate.swift in Sources */ = {isa = PBXBuildFile; fileRef = 71F9C70A2A683BAF007EAE78 /* AppDelegate.swift */; };
		71F9C70D2A683BAF007EAE78 /* SceneDelegate.swift in Sources */ = {isa = PBXBuildFile; fileRef = 71F9C70C2A683BAF007EAE78 /* SceneDelegate.swift */; };
		71F9C70F2A683BAF007EAE78 /* ViewController.swift in Sources */ = {isa = PBXBuildFile; fileRef = 71F9C70E2A683BAF007EAE78 /* ViewController.swift */; };
		71F9C7122A683BAF007EAE78 /* Main.storyboard in Resources */ = {isa = PBXBuildFile; fileRef = 71F9C7102A683BAF007EAE78 /* Main.storyboard */; };
		71F9C7142A683BB0007EAE78 /* Assets.xcassets in Resources */ = {isa = PBXBuildFile; fileRef = 71F9C7132A683BB0007EAE78 /* Assets.xcassets */; };
		71F9C7172A683BB0007EAE78 /* LaunchScreen.storyboard in Resources */ = {isa = PBXBuildFile; fileRef = 71F9C7152A683BB0007EAE78 /* LaunchScreen.storyboard */; };
		71F9C7222A683CC2007EAE78 /* extension + UIcolor.swift in Sources */ = {isa = PBXBuildFile; fileRef = 71F9C7212A683CC2007EAE78 /* extension + UIcolor.swift */; };
		91262E6E64F9745F295E9CE8 /* Pods_QuanLyCongViec.framework in Frameworks */ = {isa = PBXBuildFile; fileRef = 8C0DE9D91AEC3CF7180E6F35 /* Pods_QuanLyCongViec.framework */; };
/* End PBXBuildFile section */

/* Begin PBXFileReference section */
		174BDB8B737D5540A75C5878 /* Pods-QuanLyCongViec.debug.xcconfig */ = {isa = PBXFileReference; includeInIndex = 1; lastKnownFileType = text.xcconfig; name = "Pods-QuanLyCongViec.debug.xcconfig"; path = "Target Support Files/Pods-QuanLyCongViec/Pods-QuanLyCongViec.debug.xcconfig"; sourceTree = "<group>"; };
		7139749A2A701AC50023A87E /* UserDefaultServices.swift */ = {isa = PBXFileReference; fileEncoding = 4; lastKnownFileType = sourcecode.swift; path = UserDefaultServices.swift; sourceTree = "<group>"; };
		7139749B2A701AC60023A87E /* AuthService.swift */ = {isa = PBXFileReference; fileEncoding = 4; lastKnownFileType = sourcecode.swift; path = AuthService.swift; sourceTree = "<group>"; };
		7145DEF42A68F80100C943B7 /* LoginViewController.swift */ = {isa = PBXFileReference; lastKnownFileType = sourcecode.swift; path = LoginViewController.swift; sourceTree = "<group>"; };
		7145DEF62A6925D700C943B7 /* RegisterViewController.swift */ = {isa = PBXFileReference; lastKnownFileType = sourcecode.swift; path = RegisterViewController.swift; sourceTree = "<group>"; };
		7145DEF82A692A5E00C943B7 /* ForgotPasswordViewController.swift */ = {isa = PBXFileReference; lastKnownFileType = sourcecode.swift; path = ForgotPasswordViewController.swift; sourceTree = "<group>"; };
		7145DF002A693C5200C943B7 /* HomeViewController.swift */ = {isa = PBXFileReference; lastKnownFileType = sourcecode.swift; path = HomeViewController.swift; sourceTree = "<group>"; };
		7145DF042A694B9900C943B7 /* MainTabbarViewController.swift */ = {isa = PBXFileReference; lastKnownFileType = sourcecode.swift; path = MainTabbarViewController.swift; sourceTree = "<group>"; };
		7145DF062A694C1200C943B7 /* CustomStyleTabBarContentView.swift */ = {isa = PBXFileReference; lastKnownFileType = sourcecode.swift; path = CustomStyleTabBarContentView.swift; sourceTree = "<group>"; };
		7145DF0E2A69734D00C943B7 /* CreateNoteViewController.swift */ = {isa = PBXFileReference; lastKnownFileType = sourcecode.swift; path = CreateNoteViewController.swift; sourceTree = "<group>"; };
		7145DF172A697A8F00C943B7 /* UserViewController.swift */ = {isa = PBXFileReference; lastKnownFileType = sourcecode.swift; path = UserViewController.swift; sourceTree = "<group>"; };
		7145DF1A2A69882500C943B7 /* ListWorkTableViewCell.swift */ = {isa = PBXFileReference; lastKnownFileType = sourcecode.swift; path = ListWorkTableViewCell.swift; sourceTree = "<group>"; };
		7145DF1B2A69882500C943B7 /* ListWorkTableViewCell.xib */ = {isa = PBXFileReference; lastKnownFileType = file.xib; path = ListWorkTableViewCell.xib; sourceTree = "<group>"; };
		7145DF1E2A6A2D5B00C943B7 /* ChangeUsernameViewController.swift */ = {isa = PBXFileReference; lastKnownFileType = sourcecode.swift; path = ChangeUsernameViewController.swift; sourceTree = "<group>"; };
		7145DF222A6A325900C943B7 /* ChangeNewPasswordViewController.swift */ = {isa = PBXFileReference; lastKnownFileType = sourcecode.swift; path = ChangeNewPasswordViewController.swift; sourceTree = "<group>"; };
		715095202A6BD59F007317BA /* EditViewController.swift */ = {isa = PBXFileReference; lastKnownFileType = sourcecode.swift; path = EditViewController.swift; sourceTree = "<group>"; };
		715095492A6D35A9007317BA /* ManagerWorkServices.swift */ = {isa = PBXFileReference; lastKnownFileType = sourcecode.swift; path = ManagerWorkServices.swift; sourceTree = "<group>"; };
		7150954D2A6D7813007317BA /* GoogleService-Info.plist */ = {isa = PBXFileReference; fileEncoding = 4; lastKnownFileType = text.plist.xml; path = "GoogleService-Info.plist"; sourceTree = "<group>"; };
		71D018922A7564F5003C60D5 /* ScreenSkipViewController.swift */ = {isa = PBXFileReference; lastKnownFileType = sourcecode.swift; path = ScreenSkipViewController.swift; sourceTree = "<group>"; };
		71D018942A7565A2003C60D5 /* ScreenLesgoViewController.swift */ = {isa = PBXFileReference; lastKnownFileType = sourcecode.swift; path = ScreenLesgoViewController.swift; sourceTree = "<group>"; };
		71F9C7072A683BAF007EAE78 /* QuanLyCongViec.app */ = {isa = PBXFileReference; explicitFileType = wrapper.application; includeInIndex = 0; path = QuanLyCongViec.app; sourceTree = BUILT_PRODUCTS_DIR; };
		71F9C70A2A683BAF007EAE78 /* AppDelegate.swift */ = {isa = PBXFileReference; lastKnownFileType = sourcecode.swift; path = AppDelegate.swift; sourceTree = "<group>"; };
		71F9C70C2A683BAF007EAE78 /* SceneDelegate.swift */ = {isa = PBXFileReference; lastKnownFileType = sourcecode.swift; path = SceneDelegate.swift; sourceTree = "<group>"; };
		71F9C70E2A683BAF007EAE78 /* ViewController.swift */ = {isa = PBXFileReference; lastKnownFileType = sourcecode.swift; path = ViewController.swift; sourceTree = "<group>"; };
		71F9C7112A683BAF007EAE78 /* Base */ = {isa = PBXFileReference; lastKnownFileType = file.storyboard; name = Base; path = Base.lproj/Main.storyboard; sourceTree = "<group>"; };
		71F9C7132A683BB0007EAE78 /* Assets.xcassets */ = {isa = PBXFileReference; lastKnownFileType = folder.assetcatalog; path = Assets.xcassets; sourceTree = "<group>"; };
		71F9C7162A683BB0007EAE78 /* Base */ = {isa = PBXFileReference; lastKnownFileType = file.storyboard; name = Base; path = Base.lproj/LaunchScreen.storyboard; sourceTree = "<group>"; };
		71F9C7182A683BB0007EAE78 /* Info.plist */ = {isa = PBXFileReference; lastKnownFileType = text.plist.xml; path = Info.plist; sourceTree = "<group>"; };
		71F9C7212A683CC2007EAE78 /* extension + UIcolor.swift */ = {isa = PBXFileReference; fileEncoding = 4; lastKnownFileType = sourcecode.swift; path = "extension + UIcolor.swift"; sourceTree = "<group>"; };
		8C0DE9D91AEC3CF7180E6F35 /* Pods_QuanLyCongViec.framework */ = {isa = PBXFileReference; explicitFileType = wrapper.framework; includeInIndex = 0; path = Pods_QuanLyCongViec.framework; sourceTree = BUILT_PRODUCTS_DIR; };
		C64E6D520E63EAAD007014D5 /* Pods-QuanLyCongViec.release.xcconfig */ = {isa = PBXFileReference; includeInIndex = 1; lastKnownFileType = text.xcconfig; name = "Pods-QuanLyCongViec.release.xcconfig"; path = "Target Support Files/Pods-QuanLyCongViec/Pods-QuanLyCongViec.release.xcconfig"; sourceTree = "<group>"; };
/* End PBXFileReference section */

/* Begin PBXFrameworksBuildPhase section */
		71F9C7042A683BAF007EAE78 /* Frameworks */ = {
			isa = PBXFrameworksBuildPhase;
			buildActionMask = 2147483647;
			files = (
				91262E6E64F9745F295E9CE8 /* Pods_QuanLyCongViec.framework in Frameworks */,
			);
			runOnlyForDeploymentPostprocessing = 0;
		};
/* End PBXFrameworksBuildPhase section */

/* Begin PBXGroup section */
		7145DEF22A68F7C300C943B7 /* Login */ = {
			isa = PBXGroup;
			children = (
				7145DEF42A68F80100C943B7 /* LoginViewController.swift */,
				7145DEF82A692A5E00C943B7 /* ForgotPasswordViewController.swift */,
			);
			path = Login;
			sourceTree = "<group>";
		};
		7145DEF32A68F7DA00C943B7 /* Register */ = {
			isa = PBXGroup;
			children = (
				7145DEF62A6925D700C943B7 /* RegisterViewController.swift */,
			);
			path = Register;
			sourceTree = "<group>";
		};
		7145DF022A693C5800C943B7 /* Home */ = {
			isa = PBXGroup;
			children = (
				7145DF0C2A69727D00C943B7 /* HomeViewController */,
				7145DF0D2A69729400C943B7 /* CreateNoteViewController */,
				7145DF102A69737E00C943B7 /* User */,
			);
			path = Home;
			sourceTree = "<group>";
		};
		7145DF032A694A0800C943B7 /* MainTabbar */ = {
			isa = PBXGroup;
			children = (
				7145DF042A694B9900C943B7 /* MainTabbarViewController.swift */,
				7145DF062A694C1200C943B7 /* CustomStyleTabBarContentView.swift */,
			);
			path = MainTabbar;
			sourceTree = "<group>";
		};
		7145DF0C2A69727D00C943B7 /* HomeViewController */ = {
			isa = PBXGroup;
			children = (
				7145DF192A6987E700C943B7 /* Cell */,
				7145DF002A693C5200C943B7 /* HomeViewController.swift */,
				715095202A6BD59F007317BA /* EditViewController.swift */,
			);
			path = HomeViewController;
			sourceTree = "<group>";
		};
		7145DF0D2A69729400C943B7 /* CreateNoteViewController */ = {
			isa = PBXGroup;
			children = (
				7145DF0E2A69734D00C943B7 /* CreateNoteViewController.swift */,
			);
			path = CreateNoteViewController;
			sourceTree = "<group>";
		};
		7145DF102A69737E00C943B7 /* User */ = {
			isa = PBXGroup;
			children = (
				7145DF172A697A8F00C943B7 /* UserViewController.swift */,
				7145DF1E2A6A2D5B00C943B7 /* ChangeUsernameViewController.swift */,
				7145DF222A6A325900C943B7 /* ChangeNewPasswordViewController.swift */,
			);
			path = User;
			sourceTree = "<group>";
		};
		7145DF192A6987E700C943B7 /* Cell */ = {
			isa = PBXGroup;
			children = (
				7145DF1A2A69882500C943B7 /* ListWorkTableViewCell.swift */,
				7145DF1B2A69882500C943B7 /* ListWorkTableViewCell.xib */,
			);
			path = Cell;
			sourceTree = "<group>";
		};
		715095482A6D3575007317BA /* Services */ = {
			isa = PBXGroup;
			children = (
				715095492A6D35A9007317BA /* ManagerWorkServices.swift */,
				7139749B2A701AC60023A87E /* AuthService.swift */,
				7139749A2A701AC50023A87E /* UserDefaultServices.swift */,
			);
			path = Services;
			sourceTree = "<group>";
		};
		71F9C6FE2A683BAF007EAE78 = {
			isa = PBXGroup;
			children = (
				71F9C7092A683BAF007EAE78 /* QuanLyCongViec */,
				71F9C7082A683BAF007EAE78 /* Products */,
				7406D1296D37E5AA226EF028 /* Pods */,
				CF0CFFA4CCBB6EBF70B7B3B9 /* Frameworks */,
			);
			sourceTree = "<group>";
		};
		71F9C7082A683BAF007EAE78 /* Products */ = {
			isa = PBXGroup;
			children = (
				71F9C7072A683BAF007EAE78 /* QuanLyCongViec.app */,
			);
			name = Products;
			sourceTree = "<group>";
		};
		71F9C7092A683BAF007EAE78 /* QuanLyCongViec */ = {
			isa = PBXGroup;
			children = (
				71F9C7212A683CC2007EAE78 /* extension + UIcolor.swift */,
				715095482A6D3575007317BA /* Services */,
				71F9C71E2A683BBA007EAE78 /* Screen */,
				7145DEF22A68F7C300C943B7 /* Login */,
				7145DEF32A68F7DA00C943B7 /* Register */,
				7145DF032A694A0800C943B7 /* MainTabbar */,
				7145DF022A693C5800C943B7 /* Home */,
				71F9C70A2A683BAF007EAE78 /* AppDelegate.swift */,
				71F9C70C2A683BAF007EAE78 /* SceneDelegate.swift */,
				71F9C70E2A683BAF007EAE78 /* ViewController.swift */,
				71F9C7102A683BAF007EAE78 /* Main.storyboard */,
				71F9C7132A683BB0007EAE78 /* Assets.xcassets */,
				71F9C7152A683BB0007EAE78 /* LaunchScreen.storyboard */,
				71F9C7182A683BB0007EAE78 /* Info.plist */,
				7150954D2A6D7813007317BA /* GoogleService-Info.plist */,
			);
			path = QuanLyCongViec;
			sourceTree = "<group>";
		};
		71F9C71E2A683BBA007EAE78 /* Screen */ = {
			isa = PBXGroup;
			children = (
				71D018922A7564F5003C60D5 /* ScreenSkipViewController.swift */,
				71D018942A7565A2003C60D5 /* ScreenLesgoViewController.swift */,
			);
			path = Screen;
			sourceTree = "<group>";
		};
		7406D1296D37E5AA226EF028 /* Pods */ = {
			isa = PBXGroup;
			children = (
				174BDB8B737D5540A75C5878 /* Pods-QuanLyCongViec.debug.xcconfig */,
				C64E6D520E63EAAD007014D5 /* Pods-QuanLyCongViec.release.xcconfig */,
			);
			path = Pods;
			sourceTree = "<group>";
		};
		CF0CFFA4CCBB6EBF70B7B3B9 /* Frameworks */ = {
			isa = PBXGroup;
			children = (
				8C0DE9D91AEC3CF7180E6F35 /* Pods_QuanLyCongViec.framework */,
			);
			name = Frameworks;
			sourceTree = "<group>";
		};
/* End PBXGroup section */

/* Begin PBXNativeTarget section */
		71F9C7062A683BAF007EAE78 /* QuanLyCongViec */ = {
			isa = PBXNativeTarget;
			buildConfigurationList = 71F9C71B2A683BB0007EAE78 /* Build configuration list for PBXNativeTarget "QuanLyCongViec" */;
			buildPhases = (
				9B6A6A29E71D378986F20A68 /* [CP] Check Pods Manifest.lock */,
				71F9C7032A683BAF007EAE78 /* Sources */,
				71F9C7042A683BAF007EAE78 /* Frameworks */,
				71F9C7052A683BAF007EAE78 /* Resources */,
				1B1C14D9C3F09EA88C9A6E8C /* [CP] Embed Pods Frameworks */,
			);
			buildRules = (
			);
			dependencies = (
			);
			name = QuanLyCongViec;
			productName = QuanLyCongViec;
			productReference = 71F9C7072A683BAF007EAE78 /* QuanLyCongViec.app */;
			productType = "com.apple.product-type.application";
		};
/* End PBXNativeTarget section */

/* Begin PBXProject section */
		71F9C6FF2A683BAF007EAE78 /* Project object */ = {
			isa = PBXProject;
			attributes = {
				BuildIndependentTargetsInParallel = 1;
				LastSwiftUpdateCheck = 1420;
				LastUpgradeCheck = 1420;
				TargetAttributes = {
					71F9C7062A683BAF007EAE78 = {
						CreatedOnToolsVersion = 14.2;
					};
				};
			};
			buildConfigurationList = 71F9C7022A683BAF007EAE78 /* Build configuration list for PBXProject "QuanLyCongViec" */;
			compatibilityVersion = "Xcode 14.0";
			developmentRegion = en;
			hasScannedForEncodings = 0;
			knownRegions = (
				en,
				Base,
			);
			mainGroup = 71F9C6FE2A683BAF007EAE78;
			productRefGroup = 71F9C7082A683BAF007EAE78 /* Products */;
			projectDirPath = "";
			projectRoot = "";
			targets = (
				71F9C7062A683BAF007EAE78 /* QuanLyCongViec */,
			);
		};
/* End PBXProject section */

/* Begin PBXResourcesBuildPhase section */
		71F9C7052A683BAF007EAE78 /* Resources */ = {
			isa = PBXResourcesBuildPhase;
			buildActionMask = 2147483647;
			files = (
				7145DF1D2A69882500C943B7 /* ListWorkTableViewCell.xib in Resources */,
				71F9C7172A683BB0007EAE78 /* LaunchScreen.storyboard in Resources */,
				7150954E2A6D7814007317BA /* GoogleService-Info.plist in Resources */,
				71F9C7142A683BB0007EAE78 /* Assets.xcassets in Resources */,
				71F9C7122A683BAF007EAE78 /* Main.storyboard in Resources */,
			);
			runOnlyForDeploymentPostprocessing = 0;
		};
/* End PBXResourcesBuildPhase section */

/* Begin PBXShellScriptBuildPhase section */
		1B1C14D9C3F09EA88C9A6E8C /* [CP] Embed Pods Frameworks */ = {
			isa = PBXShellScriptBuildPhase;
			buildActionMask = 2147483647;
			files = (
			);
			inputFileListPaths = (
				"${PODS_ROOT}/Target Support Files/Pods-QuanLyCongViec/Pods-QuanLyCongViec-frameworks-${CONFIGURATION}-input-files.xcfilelist",
			);
			name = "[CP] Embed Pods Frameworks";
			outputFileListPaths = (
				"${PODS_ROOT}/Target Support Files/Pods-QuanLyCongViec/Pods-QuanLyCongViec-frameworks-${CONFIGURATION}-output-files.xcfilelist",
			);
			runOnlyForDeploymentPostprocessing = 0;
			shellPath = /bin/sh;
			shellScript = "\"${PODS_ROOT}/Target Support Files/Pods-QuanLyCongViec/Pods-QuanLyCongViec-frameworks.sh\"\n";
			showEnvVarsInLog = 0;
		};
		9B6A6A29E71D378986F20A68 /* [CP] Check Pods Manifest.lock */ = {
			isa = PBXShellScriptBuildPhase;
			buildActionMask = 2147483647;
			files = (
			);
			inputFileListPaths = (
			);
			inputPaths = (
				"${PODS_PODFILE_DIR_PATH}/Podfile.lock",
				"${PODS_ROOT}/Manifest.lock",
			);
			name = "[CP] Check Pods Manifest.lock";
			outputFileListPaths = (
			);
			outputPaths = (
				"$(DERIVED_FILE_DIR)/Pods-QuanLyCongViec-checkManifestLockResult.txt",
			);
			runOnlyForDeploymentPostprocessing = 0;
			shellPath = /bin/sh;
			shellScript = "diff \"${PODS_PODFILE_DIR_PATH}/Podfile.lock\" \"${PODS_ROOT}/Manifest.lock\" > /dev/null\nif [ $? != 0 ] ; then\n    # print error to STDERR\n    echo \"error: The sandbox is not in sync with the Podfile.lock. Run 'pod install' or update your CocoaPods installation.\" >&2\n    exit 1\nfi\n# This output is used by Xcode 'outputs' to avoid re-running this script phase.\necho \"SUCCESS\" > \"${SCRIPT_OUTPUT_FILE_0}\"\n";
			showEnvVarsInLog = 0;
		};
/* End PBXShellScriptBuildPhase section */

/* Begin PBXSourcesBuildPhase section */
		71F9C7032A683BAF007EAE78 /* Sources */ = {
			isa = PBXSourcesBuildPhase;
			buildActionMask = 2147483647;
			files = (
				7145DF182A697A8F00C943B7 /* UserViewController.swift in Sources */,
				7145DF072A694C1200C943B7 /* CustomStyleTabBarContentView.swift in Sources */,
				7145DF0F2A69734D00C943B7 /* CreateNoteViewController.swift in Sources */,
				7145DF052A694B9900C943B7 /* MainTabbarViewController.swift in Sources */,
				7145DEF52A68F80100C943B7 /* LoginViewController.swift in Sources */,
				7145DF232A6A325900C943B7 /* ChangeNewPasswordViewController.swift in Sources */,
				7139749D2A701AC60023A87E /* AuthService.swift in Sources */,
				71F9C70F2A683BAF007EAE78 /* ViewController.swift in Sources */,
				71D018932A7564F5003C60D5 /* ScreenSkipViewController.swift in Sources */,
				7145DF1F2A6A2D5B00C943B7 /* ChangeUsernameViewController.swift in Sources */,
				71F9C70B2A683BAF007EAE78 /* AppDelegate.swift in Sources */,
				7150954A2A6D35A9007317BA /* ManagerWorkServices.swift in Sources */,
				7145DEF72A6925D700C943B7 /* RegisterViewController.swift in Sources */,
				71F9C7222A683CC2007EAE78 /* extension + UIcolor.swift in Sources */,
				7139749C2A701AC60023A87E /* UserDefaultServices.swift in Sources */,
				7145DEF92A692A5E00C943B7 /* ForgotPasswordViewController.swift in Sources */,
				71F9C70D2A683BAF007EAE78 /* SceneDelegate.swift in Sources */,
				715095212A6BD59F007317BA /* EditViewController.swift in Sources */,
				7145DF1C2A69882500C943B7 /* ListWorkTableViewCell.swift in Sources */,
				71D018952A7565A2003C60D5 /* ScreenLesgoViewController.swift in Sources */,
				7145DF012A693C5200C943B7 /* HomeViewController.swift in Sources */,
			);
			runOnlyForDeploymentPostprocessing = 0;
		};
/* End PBXSourcesBuildPhase section */

/* Begin PBXVariantGroup section */
		71F9C7102A683BAF007EAE78 /* Main.storyboard */ = {
			isa = PBXVariantGroup;
			children = (
				71F9C7112A683BAF007EAE78 /* Base */,
			);
			name = Main.storyboard;
			sourceTree = "<group>";
		};
		71F9C7152A683BB0007EAE78 /* LaunchScreen.storyboard */ = {
			isa = PBXVariantGroup;
			children = (
				71F9C7162A683BB0007EAE78 /* Base */,
			);
			name = LaunchScreen.storyboard;
			sourceTree = "<group>";
		};
/* End PBXVariantGroup section */

/* Begin XCBuildConfiguration section */
		71F9C7192A683BB0007EAE78 /* Debug */ = {
			isa = XCBuildConfiguration;
			buildSettings = {
				ALWAYS_SEARCH_USER_PATHS = NO;
				CLANG_ANALYZER_NONNULL = YES;
				CLANG_ANALYZER_NUMBER_OBJECT_CONVERSION = YES_AGGRESSIVE;
				CLANG_CXX_LANGUAGE_STANDARD = "gnu++20";
				CLANG_ENABLE_MODULES = YES;
				CLANG_ENABLE_OBJC_ARC = YES;
				CLANG_ENABLE_OBJC_WEAK = YES;
				CLANG_WARN_BLOCK_CAPTURE_AUTORELEASING = YES;
				CLANG_WARN_BOOL_CONVERSION = YES;
				CLANG_WARN_COMMA = YES;
				CLANG_WARN_CONSTANT_CONVERSION = YES;
				CLANG_WARN_DEPRECATED_OBJC_IMPLEMENTATIONS = YES;
				CLANG_WARN_DIRECT_OBJC_ISA_USAGE = YES_ERROR;
				CLANG_WARN_DOCUMENTATION_COMMENTS = YES;
				CLANG_WARN_EMPTY_BODY = YES;
				CLANG_WARN_ENUM_CONVERSION = YES;
				CLANG_WARN_INFINITE_RECURSION = YES;
				CLANG_WARN_INT_CONVERSION = YES;
				CLANG_WARN_NON_LITERAL_NULL_CONVERSION = YES;
				CLANG_WARN_OBJC_IMPLICIT_RETAIN_SELF = YES;
				CLANG_WARN_OBJC_LITERAL_CONVERSION = YES;
				CLANG_WARN_OBJC_ROOT_CLASS = YES_ERROR;
				CLANG_WARN_QUOTED_INCLUDE_IN_FRAMEWORK_HEADER = YES;
				CLANG_WARN_RANGE_LOOP_ANALYSIS = YES;
				CLANG_WARN_STRICT_PROTOTYPES = YES;
				CLANG_WARN_SUSPICIOUS_MOVE = YES;
				CLANG_WARN_UNGUARDED_AVAILABILITY = YES_AGGRESSIVE;
				CLANG_WARN_UNREACHABLE_CODE = YES;
				CLANG_WARN__DUPLICATE_METHOD_MATCH = YES;
				COPY_PHASE_STRIP = NO;
				DEBUG_INFORMATION_FORMAT = dwarf;
				ENABLE_STRICT_OBJC_MSGSEND = YES;
				ENABLE_TESTABILITY = YES;
				GCC_C_LANGUAGE_STANDARD = gnu11;
				GCC_DYNAMIC_NO_PIC = NO;
				GCC_NO_COMMON_BLOCKS = YES;
				GCC_OPTIMIZATION_LEVEL = 0;
				GCC_PREPROCESSOR_DEFINITIONS = (
					"DEBUG=1",
					"$(inherited)",
				);
				GCC_WARN_64_TO_32_BIT_CONVERSION = YES;
				GCC_WARN_ABOUT_RETURN_TYPE = YES_ERROR;
				GCC_WARN_UNDECLARED_SELECTOR = YES;
				GCC_WARN_UNINITIALIZED_AUTOS = YES_AGGRESSIVE;
				GCC_WARN_UNUSED_FUNCTION = YES;
				GCC_WARN_UNUSED_VARIABLE = YES;
				IPHONEOS_DEPLOYMENT_TARGET = 16.2;
				MTL_ENABLE_DEBUG_INFO = INCLUDE_SOURCE;
				MTL_FAST_MATH = YES;
				ONLY_ACTIVE_ARCH = YES;
				SDKROOT = iphoneos;
				SWIFT_ACTIVE_COMPILATION_CONDITIONS = DEBUG;
				SWIFT_OPTIMIZATION_LEVEL = "-Onone";
			};
			name = Debug;
		};
		71F9C71A2A683BB0007EAE78 /* Release */ = {
			isa = XCBuildConfiguration;
			buildSettings = {
				ALWAYS_SEARCH_USER_PATHS = NO;
				CLANG_ANALYZER_NONNULL = YES;
				CLANG_ANALYZER_NUMBER_OBJECT_CONVERSION = YES_AGGRESSIVE;
				CLANG_CXX_LANGUAGE_STANDARD = "gnu++20";
				CLANG_ENABLE_MODULES = YES;
				CLANG_ENABLE_OBJC_ARC = YES;
				CLANG_ENABLE_OBJC_WEAK = YES;
				CLANG_WARN_BLOCK_CAPTURE_AUTORELEASING = YES;
				CLANG_WARN_BOOL_CONVERSION = YES;
				CLANG_WARN_COMMA = YES;
				CLANG_WARN_CONSTANT_CONVERSION = YES;
				CLANG_WARN_DEPRECATED_OBJC_IMPLEMENTATIONS = YES;
				CLANG_WARN_DIRECT_OBJC_ISA_USAGE = YES_ERROR;
				CLANG_WARN_DOCUMENTATION_COMMENTS = YES;
				CLANG_WARN_EMPTY_BODY = YES;
				CLANG_WARN_ENUM_CONVERSION = YES;
				CLANG_WARN_INFINITE_RECURSION = YES;
				CLANG_WARN_INT_CONVERSION = YES;
				CLANG_WARN_NON_LITERAL_NULL_CONVERSION = YES;
				CLANG_WARN_OBJC_IMPLICIT_RETAIN_SELF = YES;
				CLANG_WARN_OBJC_LITERAL_CONVERSION = YES;
				CLANG_WARN_OBJC_ROOT_CLASS = YES_ERROR;
				CLANG_WARN_QUOTED_INCLUDE_IN_FRAMEWORK_HEADER = YES;
				CLANG_WARN_RANGE_LOOP_ANALYSIS = YES;
				CLANG_WARN_STRICT_PROTOTYPES = YES;
				CLANG_WARN_SUSPICIOUS_MOVE = YES;
				CLANG_WARN_UNGUARDED_AVAILABILITY = YES_AGGRESSIVE;
				CLANG_WARN_UNREACHABLE_CODE = YES;
				CLANG_WARN__DUPLICATE_METHOD_MATCH = YES;
				COPY_PHASE_STRIP = NO;
				DEBUG_INFORMATION_FORMAT = "dwarf-with-dsym";
				ENABLE_NS_ASSERTIONS = NO;
				ENABLE_STRICT_OBJC_MSGSEND = YES;
				GCC_C_LANGUAGE_STANDARD = gnu11;
				GCC_NO_COMMON_BLOCKS = YES;
				GCC_WARN_64_TO_32_BIT_CONVERSION = YES;
				GCC_WARN_ABOUT_RETURN_TYPE = YES_ERROR;
				GCC_WARN_UNDECLARED_SELECTOR = YES;
				GCC_WARN_UNINITIALIZED_AUTOS = YES_AGGRESSIVE;
				GCC_WARN_UNUSED_FUNCTION = YES;
				GCC_WARN_UNUSED_VARIABLE = YES;
				IPHONEOS_DEPLOYMENT_TARGET = 16.2;
				MTL_ENABLE_DEBUG_INFO = NO;
				MTL_FAST_MATH = YES;
				SDKROOT = iphoneos;
				SWIFT_COMPILATION_MODE = wholemodule;
				SWIFT_OPTIMIZATION_LEVEL = "-O";
				VALIDATE_PRODUCT = YES;
			};
			name = Release;
		};
		71F9C71C2A683BB0007EAE78 /* Debug */ = {
			isa = XCBuildConfiguration;
			baseConfigurationReference = 174BDB8B737D5540A75C5878 /* Pods-QuanLyCongViec.debug.xcconfig */;
			buildSettings = {
				ASSETCATALOG_COMPILER_APPICON_NAME = AppIcon;
				ASSETCATALOG_COMPILER_GLOBAL_ACCENT_COLOR_NAME = AccentColor;
				CODE_SIGN_STYLE = Automatic;
				CURRENT_PROJECT_VERSION = 1;
				GENERATE_INFOPLIST_FILE = YES;
				INFOPLIST_FILE = QuanLyCongViec/Info.plist;
				INFOPLIST_KEY_NSCameraUsageDescription = "App cần quyền truy cập Camera";
				INFOPLIST_KEY_NSMicrophoneUsageDescription = "App cần quyền truy cập Microphone";
				INFOPLIST_KEY_NSPhotoLibraryUsageDescription = "App cần quyền truy cập Photo";
				INFOPLIST_KEY_UIApplicationSupportsIndirectInputEvents = YES;
				INFOPLIST_KEY_UILaunchStoryboardName = LaunchScreen;
				INFOPLIST_KEY_UIMainStoryboardFile = Main;
				INFOPLIST_KEY_UISupportedInterfaceOrientations_iPad = "UIInterfaceOrientationPortrait UIInterfaceOrientationPortraitUpsideDown UIInterfaceOrientationLandscapeLeft UIInterfaceOrientationLandscapeRight";
				INFOPLIST_KEY_UISupportedInterfaceOrientations_iPhone = "UIInterfaceOrientationPortrait UIInterfaceOrientationLandscapeLeft UIInterfaceOrientationLandscapeRight";
				LD_RUNPATH_SEARCH_PATHS = (
					"$(inherited)",
					"@executable_path/Frameworks",
				);
				MARKETING_VERSION = 1.0;
				PRODUCT_BUNDLE_IDENTIFIER = dang.vien.QuanLyCongViec;
				PRODUCT_NAME = "$(TARGET_NAME)";
				SWIFT_EMIT_LOC_STRINGS = YES;
				SWIFT_VERSION = 5.0;
				TARGETED_DEVICE_FAMILY = "1,2";
			};
			name = Debug;
		};
		71F9C71D2A683BB0007EAE78 /* Release */ = {
			isa = XCBuildConfiguration;
			baseConfigurationReference = C64E6D520E63EAAD007014D5 /* Pods-QuanLyCongViec.release.xcconfig */;
			buildSettings = {
				ASSETCATALOG_COMPILER_APPICON_NAME = AppIcon;
				ASSETCATALOG_COMPILER_GLOBAL_ACCENT_COLOR_NAME = AccentColor;
				CODE_SIGN_STYLE = Automatic;
				CURRENT_PROJECT_VERSION = 1;
				GENERATE_INFOPLIST_FILE = YES;
				INFOPLIST_FILE = QuanLyCongViec/Info.plist;
				INFOPLIST_KEY_NSCameraUsageDescription = "App cần quyền truy cập Camera";
				INFOPLIST_KEY_NSMicrophoneUsageDescription = "App cần quyền truy cập Microphone";
				INFOPLIST_KEY_NSPhotoLibraryUsageDescription = "App cần quyền truy cập Photo";
				INFOPLIST_KEY_UIApplicationSupportsIndirectInputEvents = YES;
				INFOPLIST_KEY_UILaunchStoryboardName = LaunchScreen;
				INFOPLIST_KEY_UIMainStoryboardFile = Main;
				INFOPLIST_KEY_UISupportedInterfaceOrientations_iPad = "UIInterfaceOrientationPortrait UIInterfaceOrientationPortraitUpsideDown UIInterfaceOrientationLandscapeLeft UIInterfaceOrientationLandscapeRight";
				INFOPLIST_KEY_UISupportedInterfaceOrientations_iPhone = "UIInterfaceOrientationPortrait UIInterfaceOrientationLandscapeLeft UIInterfaceOrientationLandscapeRight";
				LD_RUNPATH_SEARCH_PATHS = (
					"$(inherited)",
					"@executable_path/Frameworks",
				);
				MARKETING_VERSION = 1.0;
				PRODUCT_BUNDLE_IDENTIFIER = dang.vien.QuanLyCongViec;
				PRODUCT_NAME = "$(TARGET_NAME)";
				SWIFT_EMIT_LOC_STRINGS = YES;
				SWIFT_VERSION = 5.0;
				TARGETED_DEVICE_FAMILY = "1,2";
			};
			name = Release;
		};
/* End XCBuildConfiguration section */

/* Begin XCConfigurationList section */
		71F9C7022A683BAF007EAE78 /* Build configuration list for PBXProject "QuanLyCongViec" */ = {
			isa = XCConfigurationList;
			buildConfigurations = (
				71F9C7192A683BB0007EAE78 /* Debug */,
				71F9C71A2A683BB0007EAE78 /* Release */,
			);
			defaultConfigurationIsVisible = 0;
			defaultConfigurationName = Release;
		};
		71F9C71B2A683BB0007EAE78 /* Build configuration list for PBXNativeTarget "QuanLyCongViec" */ = {
			isa = XCConfigurationList;
			buildConfigurations = (
				71F9C71C2A683BB0007EAE78 /* Debug */,
				71F9C71D2A683BB0007EAE78 /* Release */,
			);
			defaultConfigurationIsVisible = 0;
			defaultConfigurationName = Release;
		};
/* End XCConfigurationList section */
	};
	rootObject = 71F9C6FF2A683BAF007EAE78 /* Project object */;
}
